// !$*UTF8*$!
{
	archiveVersion = 1;
	classes = {
	};
	objectVersion = 50;
	objects = {

/* Begin PBXBuildFile section */
		244CA55C2319C20F00B12510 /* PropertiesMock.json in Resources */ = {isa = PBXBuildFile; fileRef = 244CA55A2319C20E00B12510 /* PropertiesMock.json */; };
		244CA55D2319C20F00B12510 /* RealStateTests.swift in Sources */ = {isa = PBXBuildFile; fileRef = 244CA55B2319C20E00B12510 /* RealStateTests.swift */; };
		244E2C2B231CB61C00FEAFCD /* Property.swift in Sources */ = {isa = PBXBuildFile; fileRef = B792110C22E2464B000446B5 /* Property.swift */; };
		244E2C2C231CB96000FEAFCD /* StrataProperty.swift in Sources */ = {isa = PBXBuildFile; fileRef = B739565022E6338B000302FE /* StrataProperty.swift */; };
		244E2C2D231CC02400FEAFCD /* NoStrataProperty.swift in Sources */ = {isa = PBXBuildFile; fileRef = B739564A22E619A9000302FE /* NoStrataProperty.swift */; };
		244E2C30231DD28F00FEAFCD /* PlayerDetail.storyboard in Resources */ = {isa = PBXBuildFile; fileRef = 244E2C2F231DD28F00FEAFCD /* PlayerDetail.storyboard */; };
		244E2C32231DD2AA00FEAFCD /* PlayerDetailViewController.swift in Sources */ = {isa = PBXBuildFile; fileRef = 244E2C31231DD2AA00FEAFCD /* PlayerDetailViewController.swift */; };
		244E2C36231DD39B00FEAFCD /* PropertyTableViewCell.xib in Resources */ = {isa = PBXBuildFile; fileRef = 244E2C34231DD39B00FEAFCD /* PropertyTableViewCell.xib */; };
		244E2C37231DD39B00FEAFCD /* PropertyTableViewCell.swift in Sources */ = {isa = PBXBuildFile; fileRef = 244E2C35231DD39B00FEAFCD /* PropertyTableViewCell.swift */; };
		244E2C3A231DD4A000FEAFCD /* PlayerDetailViewModel.swift in Sources */ = {isa = PBXBuildFile; fileRef = 244E2C39231DD4A000FEAFCD /* PlayerDetailViewModel.swift */; };
		244E2C3E231E11D900FEAFCD /* PropertiesViewController.swift in Sources */ = {isa = PBXBuildFile; fileRef = 244E2C3C231E11D900FEAFCD /* PropertiesViewController.swift */; };
		244E2C3F231E11D900FEAFCD /* PropertiesViewModel.swift in Sources */ = {isa = PBXBuildFile; fileRef = 244E2C3D231E11D900FEAFCD /* PropertiesViewModel.swift */; };
		244E2C41231E138E00FEAFCD /* PropertiesViewController.xib in Resources */ = {isa = PBXBuildFile; fileRef = 244E2C40231E138E00FEAFCD /* PropertiesViewController.xib */; };
		245F0AAC23201FFA005B967D /* PropertyDetailViewModel.swift in Sources */ = {isa = PBXBuildFile; fileRef = 245F0AAB23201FFA005B967D /* PropertyDetailViewModel.swift */; };
		246C93092319C08300BD687C /* MonopolyTests.swift in Sources */ = {isa = PBXBuildFile; fileRef = 246C93012319C06700BD687C /* MonopolyTests.swift */; };
		2476ABEF23201AFD0017FF21 /* PropertyDetailViewController.swift in Sources */ = {isa = PBXBuildFile; fileRef = 2476ABED23201AFD0017FF21 /* PropertyDetailViewController.swift */; };
		2476ABF023201AFD0017FF21 /* PropertyDetailViewController.xib in Resources */ = {isa = PBXBuildFile; fileRef = 2476ABEE23201AFD0017FF21 /* PropertyDetailViewController.xib */; };
		B739564822E61284000302FE /* PropertiesFactory.swift in Sources */ = {isa = PBXBuildFile; fileRef = B739564722E61284000302FE /* PropertiesFactory.swift */; };
		B79210E222E151E5000446B5 /* AppDelegate.swift in Sources */ = {isa = PBXBuildFile; fileRef = B79210E122E151E5000446B5 /* AppDelegate.swift */; };
		B79210E422E151E5000446B5 /* PlayerViewController.swift in Sources */ = {isa = PBXBuildFile; fileRef = B79210E322E151E5000446B5 /* PlayerViewController.swift */; };
		B79210E722E151E5000446B5 /* Main.storyboard in Resources */ = {isa = PBXBuildFile; fileRef = B79210E522E151E5000446B5 /* Main.storyboard */; };
		B79210EA22E151E5000446B5 /* MonopolyBank.xcdatamodeld in Sources */ = {isa = PBXBuildFile; fileRef = B79210E822E151E5000446B5 /* MonopolyBank.xcdatamodeld */; };
		B79210EC22E151E6000446B5 /* Assets.xcassets in Resources */ = {isa = PBXBuildFile; fileRef = B79210EB22E151E6000446B5 /* Assets.xcassets */; };
		B79210EF22E151E6000446B5 /* LaunchScreen.storyboard in Resources */ = {isa = PBXBuildFile; fileRef = B79210ED22E151E6000446B5 /* LaunchScreen.storyboard */; };
		B792110722E15401000446B5 /* Player.swift in Sources */ = {isa = PBXBuildFile; fileRef = B792110622E15401000446B5 /* Player.swift */; };
		B792110922E15586000446B5 /* Game.swift in Sources */ = {isa = PBXBuildFile; fileRef = B792110822E15586000446B5 /* Game.swift */; };
		B792110B22E155DF000446B5 /* Loan.swift in Sources */ = {isa = PBXBuildFile; fileRef = B792110A22E155DF000446B5 /* Loan.swift */; };
		B792111622E2526E000446B5 /* PlayerViewCell.swift in Sources */ = {isa = PBXBuildFile; fileRef = B792111422E2526E000446B5 /* PlayerViewCell.swift */; };
		B792111722E2526E000446B5 /* PlayerViewCell.xib in Resources */ = {isa = PBXBuildFile; fileRef = B792111522E2526E000446B5 /* PlayerViewCell.xib */; };
		B792111B22E2593B000446B5 /* PlayerViewModel.swift in Sources */ = {isa = PBXBuildFile; fileRef = B792111A22E2593B000446B5 /* PlayerViewModel.swift */; };
		B792112122E2B7AB000446B5 /* Properties.json in Resources */ = {isa = PBXBuildFile; fileRef = B792112022E2B7AB000446B5 /* Properties.json */; };
		B792112522E2B8BC000446B5 /* PropertyData.swift in Sources */ = {isa = PBXBuildFile; fileRef = B792112422E2B8BC000446B5 /* PropertyData.swift */; };
		B792112E22E2BE28000446B5 /* FileReader.swift in Sources */ = {isa = PBXBuildFile; fileRef = B792112D22E2BE28000446B5 /* FileReader.swift */; };
/* End PBXBuildFile section */

/* Begin PBXContainerItemProxy section */
		246C93042319C06700BD687C /* PBXContainerItemProxy */ = {
			isa = PBXContainerItemProxy;
			containerPortal = B79210D622E151E5000446B5 /* Project object */;
			proxyType = 1;
			remoteGlobalIDString = B79210DD22E151E5000446B5;
			remoteInfo = Monopoly;
		};
/* End PBXContainerItemProxy section */

/* Begin PBXFileReference section */
		244CA55A2319C20E00B12510 /* PropertiesMock.json */ = {isa = PBXFileReference; fileEncoding = 4; lastKnownFileType = text.json; path = PropertiesMock.json; sourceTree = "<group>"; };
		244CA55B2319C20E00B12510 /* RealStateTests.swift */ = {isa = PBXFileReference; fileEncoding = 4; lastKnownFileType = sourcecode.swift; path = RealStateTests.swift; sourceTree = "<group>"; };
		244E2C2F231DD28F00FEAFCD /* PlayerDetail.storyboard */ = {isa = PBXFileReference; lastKnownFileType = file.storyboard; path = PlayerDetail.storyboard; sourceTree = "<group>"; };
		244E2C31231DD2AA00FEAFCD /* PlayerDetailViewController.swift */ = {isa = PBXFileReference; lastKnownFileType = sourcecode.swift; path = PlayerDetailViewController.swift; sourceTree = "<group>"; };
		244E2C34231DD39B00FEAFCD /* PropertyTableViewCell.xib */ = {isa = PBXFileReference; fileEncoding = 4; lastKnownFileType = file.xib; path = PropertyTableViewCell.xib; sourceTree = "<group>"; };
		244E2C35231DD39B00FEAFCD /* PropertyTableViewCell.swift */ = {isa = PBXFileReference; fileEncoding = 4; lastKnownFileType = sourcecode.swift; path = PropertyTableViewCell.swift; sourceTree = "<group>"; };
		244E2C39231DD4A000FEAFCD /* PlayerDetailViewModel.swift */ = {isa = PBXFileReference; lastKnownFileType = sourcecode.swift; path = PlayerDetailViewModel.swift; sourceTree = "<group>"; };
		244E2C3C231E11D900FEAFCD /* PropertiesViewController.swift */ = {isa = PBXFileReference; fileEncoding = 4; lastKnownFileType = sourcecode.swift; path = PropertiesViewController.swift; sourceTree = "<group>"; };
		244E2C3D231E11D900FEAFCD /* PropertiesViewModel.swift */ = {isa = PBXFileReference; fileEncoding = 4; lastKnownFileType = sourcecode.swift; path = PropertiesViewModel.swift; sourceTree = "<group>"; };
		244E2C40231E138E00FEAFCD /* PropertiesViewController.xib */ = {isa = PBXFileReference; lastKnownFileType = file.xib; path = PropertiesViewController.xib; sourceTree = "<group>"; };
		245F0AAB23201FFA005B967D /* PropertyDetailViewModel.swift */ = {isa = PBXFileReference; lastKnownFileType = sourcecode.swift; path = PropertyDetailViewModel.swift; sourceTree = "<group>"; };
		246C92FF2319C06700BD687C /* MonopolyTests.xctest */ = {isa = PBXFileReference; explicitFileType = wrapper.cfbundle; includeInIndex = 0; path = MonopolyTests.xctest; sourceTree = BUILT_PRODUCTS_DIR; };
		246C93012319C06700BD687C /* MonopolyTests.swift */ = {isa = PBXFileReference; lastKnownFileType = sourcecode.swift; path = MonopolyTests.swift; sourceTree = "<group>"; };
		246C93032319C06700BD687C /* Info.plist */ = {isa = PBXFileReference; lastKnownFileType = text.plist.xml; path = Info.plist; sourceTree = "<group>"; };
		2476ABED23201AFD0017FF21 /* PropertyDetailViewController.swift */ = {isa = PBXFileReference; lastKnownFileType = sourcecode.swift; path = PropertyDetailViewController.swift; sourceTree = "<group>"; };
		2476ABEE23201AFD0017FF21 /* PropertyDetailViewController.xib */ = {isa = PBXFileReference; lastKnownFileType = file.xib; path = PropertyDetailViewController.xib; sourceTree = "<group>"; };
		B739564722E61284000302FE /* PropertiesFactory.swift */ = {isa = PBXFileReference; lastKnownFileType = sourcecode.swift; path = PropertiesFactory.swift; sourceTree = "<group>"; };
		B739564A22E619A9000302FE /* NoStrataProperty.swift */ = {isa = PBXFileReference; lastKnownFileType = sourcecode.swift; path = NoStrataProperty.swift; sourceTree = "<group>"; };
		B739565022E6338B000302FE /* StrataProperty.swift */ = {isa = PBXFileReference; lastKnownFileType = sourcecode.swift; path = StrataProperty.swift; sourceTree = "<group>"; };
		B79210DE22E151E5000446B5 /* Monopoly.app */ = {isa = PBXFileReference; explicitFileType = wrapper.application; includeInIndex = 0; path = Monopoly.app; sourceTree = BUILT_PRODUCTS_DIR; };
		B79210E122E151E5000446B5 /* AppDelegate.swift */ = {isa = PBXFileReference; lastKnownFileType = sourcecode.swift; path = AppDelegate.swift; sourceTree = "<group>"; };
		B79210E322E151E5000446B5 /* PlayerViewController.swift */ = {isa = PBXFileReference; lastKnownFileType = sourcecode.swift; path = PlayerViewController.swift; sourceTree = "<group>"; };
		B79210E622E151E5000446B5 /* Base */ = {isa = PBXFileReference; lastKnownFileType = file.storyboard; name = Base; path = Base.lproj/Main.storyboard; sourceTree = "<group>"; };
		B79210E922E151E5000446B5 /* MonopolyBank.xcdatamodel */ = {isa = PBXFileReference; lastKnownFileType = wrapper.xcdatamodel; path = MonopolyBank.xcdatamodel; sourceTree = "<group>"; };
		B79210EB22E151E6000446B5 /* Assets.xcassets */ = {isa = PBXFileReference; lastKnownFileType = folder.assetcatalog; path = Assets.xcassets; sourceTree = "<group>"; };
		B79210EE22E151E6000446B5 /* Base */ = {isa = PBXFileReference; lastKnownFileType = file.storyboard; name = Base; path = Base.lproj/LaunchScreen.storyboard; sourceTree = "<group>"; };
		B79210F022E151E6000446B5 /* Info.plist */ = {isa = PBXFileReference; lastKnownFileType = text.plist.xml; path = Info.plist; sourceTree = "<group>"; };
		B792110622E15401000446B5 /* Player.swift */ = {isa = PBXFileReference; lastKnownFileType = sourcecode.swift; path = Player.swift; sourceTree = "<group>"; };
		B792110822E15586000446B5 /* Game.swift */ = {isa = PBXFileReference; lastKnownFileType = sourcecode.swift; path = Game.swift; sourceTree = "<group>"; };
		B792110A22E155DF000446B5 /* Loan.swift */ = {isa = PBXFileReference; lastKnownFileType = sourcecode.swift; path = Loan.swift; sourceTree = "<group>"; };
		B792110C22E2464B000446B5 /* Property.swift */ = {isa = PBXFileReference; lastKnownFileType = sourcecode.swift; path = Property.swift; sourceTree = "<group>"; };
		B792111422E2526E000446B5 /* PlayerViewCell.swift */ = {isa = PBXFileReference; lastKnownFileType = sourcecode.swift; path = PlayerViewCell.swift; sourceTree = "<group>"; };
		B792111522E2526E000446B5 /* PlayerViewCell.xib */ = {isa = PBXFileReference; lastKnownFileType = file.xib; path = PlayerViewCell.xib; sourceTree = "<group>"; };
		B792111A22E2593B000446B5 /* PlayerViewModel.swift */ = {isa = PBXFileReference; lastKnownFileType = sourcecode.swift; path = PlayerViewModel.swift; sourceTree = "<group>"; };
		B792112022E2B7AB000446B5 /* Properties.json */ = {isa = PBXFileReference; fileEncoding = 4; lastKnownFileType = text.json; path = Properties.json; sourceTree = "<group>"; };
		B792112422E2B8BC000446B5 /* PropertyData.swift */ = {isa = PBXFileReference; lastKnownFileType = sourcecode.swift; path = PropertyData.swift; sourceTree = "<group>"; };
		B792112D22E2BE28000446B5 /* FileReader.swift */ = {isa = PBXFileReference; lastKnownFileType = sourcecode.swift; path = FileReader.swift; sourceTree = "<group>"; };
/* End PBXFileReference section */

/* Begin PBXFrameworksBuildPhase section */
		246C92FC2319C06700BD687C /* Frameworks */ = {
			isa = PBXFrameworksBuildPhase;
			buildActionMask = 2147483647;
			files = (
			);
			runOnlyForDeploymentPostprocessing = 0;
		};
		B79210DB22E151E5000446B5 /* Frameworks */ = {
			isa = PBXFrameworksBuildPhase;
			buildActionMask = 2147483647;
			files = (
			);
			runOnlyForDeploymentPostprocessing = 0;
		};
/* End PBXFrameworksBuildPhase section */

/* Begin PBXGroup section */
		244E2C33231DD35B00FEAFCD /* Detail */ = {
			isa = PBXGroup;
			children = (
				244E2C2F231DD28F00FEAFCD /* PlayerDetail.storyboard */,
				244E2C31231DD2AA00FEAFCD /* PlayerDetailViewController.swift */,
				244E2C39231DD4A000FEAFCD /* PlayerDetailViewModel.swift */,
			);
			path = Detail;
			sourceTree = "<group>";
		};
		244E2C38231DD3CE00FEAFCD /* List */ = {
			isa = PBXGroup;
			children = (
				B79210E322E151E5000446B5 /* PlayerViewController.swift */,
				B792111A22E2593B000446B5 /* PlayerViewModel.swift */,
			);
			path = List;
			sourceTree = "<group>";
		};
		244E2C3B231E115A00FEAFCD /* Property */ = {
			isa = PBXGroup;
			children = (
				245F0AAD2320276D005B967D /* List */,
				2476ABEC23201AD80017FF21 /* Detail */,
				245F0AAE23202781005B967D /* Cell */,
			);
			path = Property;
			sourceTree = "<group>";
		};
		245F0AAD2320276D005B967D /* List */ = {
			isa = PBXGroup;
			children = (
				244E2C3C231E11D900FEAFCD /* PropertiesViewController.swift */,
				244E2C3D231E11D900FEAFCD /* PropertiesViewModel.swift */,
				244E2C40231E138E00FEAFCD /* PropertiesViewController.xib */,
			);
			path = List;
			sourceTree = "<group>";
		};
		245F0AAE23202781005B967D /* Cell */ = {
			isa = PBXGroup;
			children = (
				244E2C35231DD39B00FEAFCD /* PropertyTableViewCell.swift */,
				244E2C34231DD39B00FEAFCD /* PropertyTableViewCell.xib */,
			);
			path = Cell;
			sourceTree = "<group>";
		};
		245F0AAF23202796005B967D /* Cell */ = {
			isa = PBXGroup;
			children = (
				B792111422E2526E000446B5 /* PlayerViewCell.swift */,
				B792111522E2526E000446B5 /* PlayerViewCell.xib */,
			);
			path = Cell;
			sourceTree = "<group>";
		};
		246C93002319C06700BD687C /* MonopolyTests */ = {
			isa = PBXGroup;
			children = (
				244CA55A2319C20E00B12510 /* PropertiesMock.json */,
				244CA55B2319C20E00B12510 /* RealStateTests.swift */,
				246C93012319C06700BD687C /* MonopolyTests.swift */,
				246C93032319C06700BD687C /* Info.plist */,
			);
			path = MonopolyTests;
			sourceTree = "<group>";
		};
		2476ABEC23201AD80017FF21 /* Detail */ = {
			isa = PBXGroup;
			children = (
				2476ABED23201AFD0017FF21 /* PropertyDetailViewController.swift */,
				2476ABEE23201AFD0017FF21 /* PropertyDetailViewController.xib */,
				245F0AAB23201FFA005B967D /* PropertyDetailViewModel.swift */,
			);
			path = Detail;
			sourceTree = "<group>";
		};
		B739564922E6136B000302FE /* Properties */ = {
			isa = PBXGroup;
			children = (
				B792112422E2B8BC000446B5 /* PropertyData.swift */,
				B792110C22E2464B000446B5 /* Property.swift */,
				B739565022E6338B000302FE /* StrataProperty.swift */,
				B739564A22E619A9000302FE /* NoStrataProperty.swift */,
			);
			path = Properties;
			sourceTree = "<group>";
		};
		B79210D522E151E5000446B5 = {
			isa = PBXGroup;
			children = (
				B79210E022E151E5000446B5 /* Monopoly */,
				246C93002319C06700BD687C /* MonopolyTests */,
				B79210DF22E151E5000446B5 /* Products */,
			);
			sourceTree = "<group>";
		};
		B79210DF22E151E5000446B5 /* Products */ = {
			isa = PBXGroup;
			children = (
				B79210DE22E151E5000446B5 /* Monopoly.app */,
				246C92FF2319C06700BD687C /* MonopolyTests.xctest */,
			);
			name = Products;
			sourceTree = "<group>";
		};
		B79210E022E151E5000446B5 /* Monopoly */ = {
			isa = PBXGroup;
			children = (
				B792110522E1537C000446B5 /* App */,
				B792110422E1536F000446B5 /* Main */,
			);
			path = Monopoly;
			sourceTree = "<group>";
		};
		B792110422E1536F000446B5 /* Main */ = {
			isa = PBXGroup;
			children = (
				B792110622E15401000446B5 /* Player.swift */,
				B792110822E15586000446B5 /* Game.swift */,
				B792112322E2B85B000446B5 /* Real-estate */,
				B792112222E2B84E000446B5 /* Bank */,
				B792112022E2B7AB000446B5 /* Properties.json */,
				B79210E822E151E5000446B5 /* MonopolyBank.xcdatamodeld */,
			);
			path = Main;
			sourceTree = "<group>";
		};
		B792110522E1537C000446B5 /* App */ = {
			isa = PBXGroup;
			children = (
				244E2C3B231E115A00FEAFCD /* Property */,
				B792111122E251B3000446B5 /* Resources */,
				B792111022E251AA000446B5 /* Launch */,
				B792110F22E25198000446B5 /* Main */,
				B792110E22E25181000446B5 /* Player */,
			);
			path = App;
			sourceTree = "<group>";
		};
		B792110E22E25181000446B5 /* Player */ = {
			isa = PBXGroup;
			children = (
				B79210E522E151E5000446B5 /* Main.storyboard */,
				244E2C38231DD3CE00FEAFCD /* List */,
				244E2C33231DD35B00FEAFCD /* Detail */,
				245F0AAF23202796005B967D /* Cell */,
			);
			path = Player;
			sourceTree = "<group>";
		};
		B792110F22E25198000446B5 /* Main */ = {
			isa = PBXGroup;
			children = (
				B79210E122E151E5000446B5 /* AppDelegate.swift */,
				B79210F022E151E6000446B5 /* Info.plist */,
			);
			path = Main;
			sourceTree = "<group>";
		};
		B792111022E251AA000446B5 /* Launch */ = {
			isa = PBXGroup;
			children = (
				B79210ED22E151E6000446B5 /* LaunchScreen.storyboard */,
			);
			path = Launch;
			sourceTree = "<group>";
		};
		B792111122E251B3000446B5 /* Resources */ = {
			isa = PBXGroup;
			children = (
				B79210EB22E151E6000446B5 /* Assets.xcassets */,
			);
			path = Resources;
			sourceTree = "<group>";
		};
		B792112222E2B84E000446B5 /* Bank */ = {
			isa = PBXGroup;
			children = (
				B792110A22E155DF000446B5 /* Loan.swift */,
			);
			path = Bank;
			sourceTree = "<group>";
		};
		B792112322E2B85B000446B5 /* Real-estate */ = {
			isa = PBXGroup;
			children = (
				B739564922E6136B000302FE /* Properties */,
				B792112D22E2BE28000446B5 /* FileReader.swift */,
				B739564722E61284000302FE /* PropertiesFactory.swift */,
			);
			path = "Real-estate";
			sourceTree = "<group>";
		};
/* End PBXGroup section */

/* Begin PBXNativeTarget section */
		246C92FE2319C06700BD687C /* MonopolyTests */ = {
			isa = PBXNativeTarget;
			buildConfigurationList = 246C93062319C06700BD687C /* Build configuration list for PBXNativeTarget "MonopolyTests" */;
			buildPhases = (
				246C92FB2319C06700BD687C /* Sources */,
				246C92FC2319C06700BD687C /* Frameworks */,
				246C92FD2319C06700BD687C /* Resources */,
			);
			buildRules = (
			);
			dependencies = (
				246C93052319C06700BD687C /* PBXTargetDependency */,
			);
			name = MonopolyTests;
			productName = MonopolyTests;
			productReference = 246C92FF2319C06700BD687C /* MonopolyTests.xctest */;
			productType = "com.apple.product-type.bundle.unit-test";
		};
		B79210DD22E151E5000446B5 /* Monopoly */ = {
			isa = PBXNativeTarget;
			buildConfigurationList = B79210FE22E151E6000446B5 /* Build configuration list for PBXNativeTarget "Monopoly" */;
			buildPhases = (
				B79210DA22E151E5000446B5 /* Sources */,
				B79210DB22E151E5000446B5 /* Frameworks */,
				B79210DC22E151E5000446B5 /* Resources */,
			);
			buildRules = (
			);
			dependencies = (
			);
			name = Monopoly;
			productName = MonopolyBank;
			productReference = B79210DE22E151E5000446B5 /* Monopoly.app */;
			productType = "com.apple.product-type.application";
		};
/* End PBXNativeTarget section */

/* Begin PBXProject section */
		B79210D622E151E5000446B5 /* Project object */ = {
			isa = PBXProject;
			attributes = {
				LastSwiftUpdateCheck = 1030;
				LastUpgradeCheck = 1020;
				ORGANIZATIONNAME = bonsebas;
				TargetAttributes = {
					246C92FE2319C06700BD687C = {
						CreatedOnToolsVersion = 10.3;
						TestTargetID = B79210DD22E151E5000446B5;
					};
					B79210DD22E151E5000446B5 = {
						CreatedOnToolsVersion = 10.2.1;
					};
				};
			};
			buildConfigurationList = B79210D922E151E5000446B5 /* Build configuration list for PBXProject "Monopoly" */;
			compatibilityVersion = "Xcode 9.3";
			developmentRegion = en;
			hasScannedForEncodings = 0;
			knownRegions = (
				en,
				Base,
			);
			mainGroup = B79210D522E151E5000446B5;
			productRefGroup = B79210DF22E151E5000446B5 /* Products */;
			projectDirPath = "";
			projectRoot = "";
			targets = (
				B79210DD22E151E5000446B5 /* Monopoly */,
				246C92FE2319C06700BD687C /* MonopolyTests */,
			);
		};
/* End PBXProject section */

/* Begin PBXResourcesBuildPhase section */
		246C92FD2319C06700BD687C /* Resources */ = {
			isa = PBXResourcesBuildPhase;
			buildActionMask = 2147483647;
			files = (
				244CA55C2319C20F00B12510 /* PropertiesMock.json in Resources */,
			);
			runOnlyForDeploymentPostprocessing = 0;
		};
		B79210DC22E151E5000446B5 /* Resources */ = {
			isa = PBXResourcesBuildPhase;
			buildActionMask = 2147483647;
			files = (
				B792112122E2B7AB000446B5 /* Properties.json in Resources */,
				244E2C41231E138E00FEAFCD /* PropertiesViewController.xib in Resources */,
				B79210EF22E151E6000446B5 /* LaunchScreen.storyboard in Resources */,
				B792111722E2526E000446B5 /* PlayerViewCell.xib in Resources */,
				2476ABF023201AFD0017FF21 /* PropertyDetailViewController.xib in Resources */,
				B79210EC22E151E6000446B5 /* Assets.xcassets in Resources */,
				244E2C36231DD39B00FEAFCD /* PropertyTableViewCell.xib in Resources */,
				244E2C30231DD28F00FEAFCD /* PlayerDetail.storyboard in Resources */,
				B79210E722E151E5000446B5 /* Main.storyboard in Resources */,
			);
			runOnlyForDeploymentPostprocessing = 0;
		};
/* End PBXResourcesBuildPhase section */

/* Begin PBXSourcesBuildPhase section */
		246C92FB2319C06700BD687C /* Sources */ = {
			isa = PBXSourcesBuildPhase;
			buildActionMask = 2147483647;
			files = (
				246C93092319C08300BD687C /* MonopolyTests.swift in Sources */,
				244CA55D2319C20F00B12510 /* RealStateTests.swift in Sources */,
			);
			runOnlyForDeploymentPostprocessing = 0;
		};
		B79210DA22E151E5000446B5 /* Sources */ = {
			isa = PBXSourcesBuildPhase;
			buildActionMask = 2147483647;
			files = (
				B792112522E2B8BC000446B5 /* PropertyData.swift in Sources */,
				B792112E22E2BE28000446B5 /* FileReader.swift in Sources */,
				244E2C3E231E11D900FEAFCD /* PropertiesViewController.swift in Sources */,
				B792111B22E2593B000446B5 /* PlayerViewModel.swift in Sources */,
				B792110722E15401000446B5 /* Player.swift in Sources */,
				B792110B22E155DF000446B5 /* Loan.swift in Sources */,
				B792110922E15586000446B5 /* Game.swift in Sources */,
				2476ABEF23201AFD0017FF21 /* PropertyDetailViewController.swift in Sources */,
				244E2C2B231CB61C00FEAFCD /* Property.swift in Sources */,
				245F0AAC23201FFA005B967D /* PropertyDetailViewModel.swift in Sources */,
				B79210E422E151E5000446B5 /* PlayerViewController.swift in Sources */,
				244E2C32231DD2AA00FEAFCD /* PlayerDetailViewController.swift in Sources */,
				244E2C2C231CB96000FEAFCD /* StrataProperty.swift in Sources */,
				244E2C3A231DD4A000FEAFCD /* PlayerDetailViewModel.swift in Sources */,
				244E2C2D231CC02400FEAFCD /* NoStrataProperty.swift in Sources */,
				B792111622E2526E000446B5 /* PlayerViewCell.swift in Sources */,
				B79210EA22E151E5000446B5 /* MonopolyBank.xcdatamodeld in Sources */,
				B79210E222E151E5000446B5 /* AppDelegate.swift in Sources */,
				244E2C3F231E11D900FEAFCD /* PropertiesViewModel.swift in Sources */,
				244E2C37231DD39B00FEAFCD /* PropertyTableViewCell.swift in Sources */,
				B739564822E61284000302FE /* PropertiesFactory.swift in Sources */,
			);
			runOnlyForDeploymentPostprocessing = 0;
		};
/* End PBXSourcesBuildPhase section */

/* Begin PBXTargetDependency section */
		246C93052319C06700BD687C /* PBXTargetDependency */ = {
			isa = PBXTargetDependency;
			target = B79210DD22E151E5000446B5 /* Monopoly */;
			targetProxy = 246C93042319C06700BD687C /* PBXContainerItemProxy */;
		};
/* End PBXTargetDependency section */

/* Begin PBXVariantGroup section */
		B79210E522E151E5000446B5 /* Main.storyboard */ = {
			isa = PBXVariantGroup;
			children = (
				B79210E622E151E5000446B5 /* Base */,
			);
			name = Main.storyboard;
			sourceTree = "<group>";
		};
		B79210ED22E151E6000446B5 /* LaunchScreen.storyboard */ = {
			isa = PBXVariantGroup;
			children = (
				B79210EE22E151E6000446B5 /* Base */,
			);
			name = LaunchScreen.storyboard;
			sourceTree = "<group>";
		};
/* End PBXVariantGroup section */

/* Begin XCBuildConfiguration section */
		246C93072319C06700BD687C /* Debug */ = {
			isa = XCBuildConfiguration;
			buildSettings = {
				BUNDLE_LOADER = "$(TEST_HOST)";
				CODE_SIGN_STYLE = Automatic;
				DEVELOPMENT_TEAM = 2WD4LJ5535;
				INFOPLIST_FILE = MonopolyTests/Info.plist;
				IPHONEOS_DEPLOYMENT_TARGET = 12.4;
				LD_RUNPATH_SEARCH_PATHS = (
					"$(inherited)",
					"@executable_path/Frameworks",
					"@loader_path/Frameworks",
				);
				PRODUCT_BUNDLE_IDENTIFIER = com.bonsebas.MonopolyTests;
				PRODUCT_NAME = "$(TARGET_NAME)";
				SWIFT_VERSION = 5.0;
				TARGETED_DEVICE_FAMILY = "1,2";
				TEST_HOST = "$(BUILT_PRODUCTS_DIR)/Monopoly.app/Monopoly";
			};
			name = Debug;
		};
		246C93082319C06700BD687C /* Release */ = {
			isa = XCBuildConfiguration;
			buildSettings = {
				BUNDLE_LOADER = "$(TEST_HOST)";
				CODE_SIGN_STYLE = Automatic;
				DEVELOPMENT_TEAM = 2WD4LJ5535;
				INFOPLIST_FILE = MonopolyTests/Info.plist;
				IPHONEOS_DEPLOYMENT_TARGET = 12.4;
				LD_RUNPATH_SEARCH_PATHS = (
					"$(inherited)",
					"@executable_path/Frameworks",
					"@loader_path/Frameworks",
				);
				PRODUCT_BUNDLE_IDENTIFIER = com.bonsebas.MonopolyTests;
				PRODUCT_NAME = "$(TARGET_NAME)";
				SWIFT_VERSION = 5.0;
				TARGETED_DEVICE_FAMILY = "1,2";
				TEST_HOST = "$(BUILT_PRODUCTS_DIR)/Monopoly.app/Monopoly";
			};
			name = Release;
		};
		B79210FC22E151E6000446B5 /* Debug */ = {
			isa = XCBuildConfiguration;
			buildSettings = {
				ALWAYS_SEARCH_USER_PATHS = NO;
				CLANG_ANALYZER_NONNULL = YES;
				CLANG_ANALYZER_NUMBER_OBJECT_CONVERSION = YES_AGGRESSIVE;
				CLANG_CXX_LANGUAGE_STANDARD = "gnu++14";
				CLANG_CXX_LIBRARY = "libc++";
				CLANG_ENABLE_MODULES = YES;
				CLANG_ENABLE_OBJC_ARC = YES;
				CLANG_ENABLE_OBJC_WEAK = YES;
				CLANG_WARN_BLOCK_CAPTURE_AUTORELEASING = YES;
				CLANG_WARN_BOOL_CONVERSION = YES;
				CLANG_WARN_COMMA = YES;
				CLANG_WARN_CONSTANT_CONVERSION = YES;
				CLANG_WARN_DEPRECATED_OBJC_IMPLEMENTATIONS = YES;
				CLANG_WARN_DIRECT_OBJC_ISA_USAGE = YES_ERROR;
				CLANG_WARN_DOCUMENTATION_COMMENTS = YES;
				CLANG_WARN_EMPTY_BODY = YES;
				CLANG_WARN_ENUM_CONVERSION = YES;
				CLANG_WARN_INFINITE_RECURSION = YES;
				CLANG_WARN_INT_CONVERSION = YES;
				CLANG_WARN_NON_LITERAL_NULL_CONVERSION = YES;
				CLANG_WARN_OBJC_IMPLICIT_RETAIN_SELF = YES;
				CLANG_WARN_OBJC_LITERAL_CONVERSION = YES;
				CLANG_WARN_OBJC_ROOT_CLASS = YES_ERROR;
				CLANG_WARN_RANGE_LOOP_ANALYSIS = YES;
				CLANG_WARN_STRICT_PROTOTYPES = YES;
				CLANG_WARN_SUSPICIOUS_MOVE = YES;
				CLANG_WARN_UNGUARDED_AVAILABILITY = YES_AGGRESSIVE;
				CLANG_WARN_UNREACHABLE_CODE = YES;
				CLANG_WARN__DUPLICATE_METHOD_MATCH = YES;
				CODE_SIGN_IDENTITY = "iPhone Developer";
				COPY_PHASE_STRIP = NO;
				DEBUG_INFORMATION_FORMAT = dwarf;
				ENABLE_STRICT_OBJC_MSGSEND = YES;
				ENABLE_TESTABILITY = YES;
				GCC_C_LANGUAGE_STANDARD = gnu11;
				GCC_DYNAMIC_NO_PIC = NO;
				GCC_NO_COMMON_BLOCKS = YES;
				GCC_OPTIMIZATION_LEVEL = 0;
				GCC_PREPROCESSOR_DEFINITIONS = (
					"DEBUG=1",
					"$(inherited)",
				);
				GCC_WARN_64_TO_32_BIT_CONVERSION = YES;
				GCC_WARN_ABOUT_RETURN_TYPE = YES_ERROR;
				GCC_WARN_UNDECLARED_SELECTOR = YES;
				GCC_WARN_UNINITIALIZED_AUTOS = YES_AGGRESSIVE;
				GCC_WARN_UNUSED_FUNCTION = YES;
				GCC_WARN_UNUSED_VARIABLE = YES;
				IPHONEOS_DEPLOYMENT_TARGET = 12.2;
				MTL_ENABLE_DEBUG_INFO = INCLUDE_SOURCE;
				MTL_FAST_MATH = YES;
				ONLY_ACTIVE_ARCH = YES;
				SDKROOT = iphoneos;
				SWIFT_ACTIVE_COMPILATION_CONDITIONS = DEBUG;
				SWIFT_OPTIMIZATION_LEVEL = "-Onone";
			};
			name = Debug;
		};
		B79210FD22E151E6000446B5 /* Release */ = {
			isa = XCBuildConfiguration;
			buildSettings = {
				ALWAYS_SEARCH_USER_PATHS = NO;
				CLANG_ANALYZER_NONNULL = YES;
				CLANG_ANALYZER_NUMBER_OBJECT_CONVERSION = YES_AGGRESSIVE;
				CLANG_CXX_LANGUAGE_STANDARD = "gnu++14";
				CLANG_CXX_LIBRARY = "libc++";
				CLANG_ENABLE_MODULES = YES;
				CLANG_ENABLE_OBJC_ARC = YES;
				CLANG_ENABLE_OBJC_WEAK = YES;
				CLANG_WARN_BLOCK_CAPTURE_AUTORELEASING = YES;
				CLANG_WARN_BOOL_CONVERSION = YES;
				CLANG_WARN_COMMA = YES;
				CLANG_WARN_CONSTANT_CONVERSION = YES;
				CLANG_WARN_DEPRECATED_OBJC_IMPLEMENTATIONS = YES;
				CLANG_WARN_DIRECT_OBJC_ISA_USAGE = YES_ERROR;
				CLANG_WARN_DOCUMENTATION_COMMENTS = YES;
				CLANG_WARN_EMPTY_BODY = YES;
				CLANG_WARN_ENUM_CONVERSION = YES;
				CLANG_WARN_INFINITE_RECURSION = YES;
				CLANG_WARN_INT_CONVERSION = YES;
				CLANG_WARN_NON_LITERAL_NULL_CONVERSION = YES;
				CLANG_WARN_OBJC_IMPLICIT_RETAIN_SELF = YES;
				CLANG_WARN_OBJC_LITERAL_CONVERSION = YES;
				CLANG_WARN_OBJC_ROOT_CLASS = YES_ERROR;
				CLANG_WARN_RANGE_LOOP_ANALYSIS = YES;
				CLANG_WARN_STRICT_PROTOTYPES = YES;
				CLANG_WARN_SUSPICIOUS_MOVE = YES;
				CLANG_WARN_UNGUARDED_AVAILABILITY = YES_AGGRESSIVE;
				CLANG_WARN_UNREACHABLE_CODE = YES;
				CLANG_WARN__DUPLICATE_METHOD_MATCH = YES;
				CODE_SIGN_IDENTITY = "iPhone Developer";
				COPY_PHASE_STRIP = NO;
				DEBUG_INFORMATION_FORMAT = "dwarf-with-dsym";
				ENABLE_NS_ASSERTIONS = NO;
				ENABLE_STRICT_OBJC_MSGSEND = YES;
				GCC_C_LANGUAGE_STANDARD = gnu11;
				GCC_NO_COMMON_BLOCKS = YES;
				GCC_WARN_64_TO_32_BIT_CONVERSION = YES;
				GCC_WARN_ABOUT_RETURN_TYPE = YES_ERROR;
				GCC_WARN_UNDECLARED_SELECTOR = YES;
				GCC_WARN_UNINITIALIZED_AUTOS = YES_AGGRESSIVE;
				GCC_WARN_UNUSED_FUNCTION = YES;
				GCC_WARN_UNUSED_VARIABLE = YES;
				IPHONEOS_DEPLOYMENT_TARGET = 12.2;
				MTL_ENABLE_DEBUG_INFO = NO;
				MTL_FAST_MATH = YES;
				SDKROOT = iphoneos;
				SWIFT_COMPILATION_MODE = wholemodule;
				SWIFT_OPTIMIZATION_LEVEL = "-O";
				VALIDATE_PRODUCT = YES;
			};
			name = Release;
		};
		B79210FF22E151E6000446B5 /* Debug */ = {
			isa = XCBuildConfiguration;
			buildSettings = {
				ASSETCATALOG_COMPILER_APPICON_NAME = AppIcon;
				CODE_SIGN_STYLE = Automatic;
				DEVELOPMENT_TEAM = 2WD4LJ5535;
				INFOPLIST_FILE = Monopoly/App/Main/Info.plist;
				LD_RUNPATH_SEARCH_PATHS = (
					"$(inherited)",
					"@executable_path/Frameworks",
				);
				PRODUCT_BUNDLE_IDENTIFIER = com.bonsebas.MonopolyBank;
				PRODUCT_NAME = "$(TARGET_NAME)";
				SWIFT_VERSION = 5.0;
				TARGETED_DEVICE_FAMILY = "1,2";
			};
			name = Debug;
		};
		B792110022E151E6000446B5 /* Release */ = {
			isa = XCBuildConfiguration;
			buildSettings = {
				ASSETCATALOG_COMPILER_APPICON_NAME = AppIcon;
				CODE_SIGN_STYLE = Automatic;
				DEVELOPMENT_TEAM = 2WD4LJ5535;
				INFOPLIST_FILE = Monopoly/App/Main/Info.plist;
				LD_RUNPATH_SEARCH_PATHS = (
					"$(inherited)",
					"@executable_path/Frameworks",
				);
				PRODUCT_BUNDLE_IDENTIFIER = com.bonsebas.MonopolyBank;
				PRODUCT_NAME = "$(TARGET_NAME)";
				SWIFT_VERSION = 5.0;
				TARGETED_DEVICE_FAMILY = "1,2";
			};
			name = Release;
		};
/* End XCBuildConfiguration section */

/* Begin XCConfigurationList section */
		246C93062319C06700BD687C /* Build configuration list for PBXNativeTarget "MonopolyTests" */ = {
			isa = XCConfigurationList;
			buildConfigurations = (
				246C93072319C06700BD687C /* Debug */,
				246C93082319C06700BD687C /* Release */,
			);
			defaultConfigurationIsVisible = 0;
			defaultConfigurationName = Release;
		};
		B79210D922E151E5000446B5 /* Build configuration list for PBXProject "Monopoly" */ = {
			isa = XCConfigurationList;
			buildConfigurations = (
				B79210FC22E151E6000446B5 /* Debug */,
				B79210FD22E151E6000446B5 /* Release */,
			);
			defaultConfigurationIsVisible = 0;
			defaultConfigurationName = Release;
		};
		B79210FE22E151E6000446B5 /* Build configuration list for PBXNativeTarget "Monopoly" */ = {
			isa = XCConfigurationList;
			buildConfigurations = (
				B79210FF22E151E6000446B5 /* Debug */,
				B792110022E151E6000446B5 /* Release */,
			);
			defaultConfigurationIsVisible = 0;
			defaultConfigurationName = Release;
		};
/* End XCConfigurationList section */

/* Begin XCVersionGroup section */
		B79210E822E151E5000446B5 /* MonopolyBank.xcdatamodeld */ = {
			isa = XCVersionGroup;
			children = (
				B79210E922E151E5000446B5 /* MonopolyBank.xcdatamodel */,
			);
			currentVersion = B79210E922E151E5000446B5 /* MonopolyBank.xcdatamodel */;
			path = MonopolyBank.xcdatamodeld;
			sourceTree = "<group>";
			versionGroupType = wrapper.xcdatamodel;
		};
/* End XCVersionGroup section */
	};
	rootObject = B79210D622E151E5000446B5 /* Project object */;
}
