// !$*UTF8*$!
{
	archiveVersion = 1;
	classes = {
	};
	objectVersion = 50;
	objects = {

/* Begin PBXBuildFile section */
		24C9CF4422E8FA1D004325DC /* NotificationName+Bank.swift in Sources */ = {isa = PBXBuildFile; fileRef = 24C9CF4322E8FA1D004325DC /* NotificationName+Bank.swift */; };
		24C9CF4822E90369004325DC /* MonopolyTabBarController.swift in Sources */ = {isa = PBXBuildFile; fileRef = 24C9CF4722E90369004325DC /* MonopolyTabBarController.swift */; };
		24C9CF4A22E905A4004325DC /* UITabbar+Monopoly.swift in Sources */ = {isa = PBXBuildFile; fileRef = 24C9CF4922E905A4004325DC /* UITabbar+Monopoly.swift */; };
		24C9CF4D22E91AE7004325DC /* PickerAlertViewController.swift in Sources */ = {isa = PBXBuildFile; fileRef = 24C9CF4B22E91AE7004325DC /* PickerAlertViewController.swift */; };
		B739564422E5FD6B000302FE /* RealEstateViewController.swift in Sources */ = {isa = PBXBuildFile; fileRef = B739564322E5FD6B000302FE /* RealEstateViewController.swift */; };
		B739564622E60A47000302FE /* RealStateTests.swift in Sources */ = {isa = PBXBuildFile; fileRef = B739564522E60A47000302FE /* RealStateTests.swift */; };
		B739564822E61284000302FE /* PropertiesFactory.swift in Sources */ = {isa = PBXBuildFile; fileRef = B739564722E61284000302FE /* PropertiesFactory.swift */; };
		B739564B22E619A9000302FE /* Utility.swift in Sources */ = {isa = PBXBuildFile; fileRef = B739564A22E619A9000302FE /* Utility.swift */; };
		B739564D22E61B27000302FE /* Train.swift in Sources */ = {isa = PBXBuildFile; fileRef = B739564C22E61B27000302FE /* Train.swift */; };
		B739564F22E6245E000302FE /* OneStrata.swift in Sources */ = {isa = PBXBuildFile; fileRef = B739564E22E6245E000302FE /* OneStrata.swift */; };
		B739565122E6338B000302FE /* StrataProperty.swift in Sources */ = {isa = PBXBuildFile; fileRef = B739565022E6338B000302FE /* StrataProperty.swift */; };
		B739565322E633B8000302FE /* TwoStrata.swift in Sources */ = {isa = PBXBuildFile; fileRef = B739565222E633B8000302FE /* TwoStrata.swift */; };
		B739565522E633D8000302FE /* ThreeStrata.swift in Sources */ = {isa = PBXBuildFile; fileRef = B739565422E633D8000302FE /* ThreeStrata.swift */; };
		B739565722E633F2000302FE /* FourStrata.swift in Sources */ = {isa = PBXBuildFile; fileRef = B739565622E633F2000302FE /* FourStrata.swift */; };
		B739565922E63AC4000302FE /* PropertiesMock.json in Resources */ = {isa = PBXBuildFile; fileRef = B739565822E63AC4000302FE /* PropertiesMock.json */; };
		B739565B22E6C4E4000302FE /* RealEstateViewModel.swift in Sources */ = {isa = PBXBuildFile; fileRef = B739565A22E6C4E3000302FE /* RealEstateViewModel.swift */; };
		B739565D22E6C928000302FE /* RealEstateSection.swift in Sources */ = {isa = PBXBuildFile; fileRef = B739565C22E6C928000302FE /* RealEstateSection.swift */; };
		B739566022E75FB7000302FE /* PropertyTableViewCell.swift in Sources */ = {isa = PBXBuildFile; fileRef = B739565E22E75FB7000302FE /* PropertyTableViewCell.swift */; };
		B739566122E75FB7000302FE /* PropertyTableViewCell.xib in Resources */ = {isa = PBXBuildFile; fileRef = B739565F22E75FB7000302FE /* PropertyTableViewCell.xib */; };
		B79210E222E151E5000446B5 /* AppDelegate.swift in Sources */ = {isa = PBXBuildFile; fileRef = B79210E122E151E5000446B5 /* AppDelegate.swift */; };
		B79210E422E151E5000446B5 /* BankViewController.swift in Sources */ = {isa = PBXBuildFile; fileRef = B79210E322E151E5000446B5 /* BankViewController.swift */; };
		B79210E722E151E5000446B5 /* Main.storyboard in Resources */ = {isa = PBXBuildFile; fileRef = B79210E522E151E5000446B5 /* Main.storyboard */; };
		B79210EA22E151E5000446B5 /* MonopolyBank.xcdatamodeld in Sources */ = {isa = PBXBuildFile; fileRef = B79210E822E151E5000446B5 /* MonopolyBank.xcdatamodeld */; };
		B79210EC22E151E6000446B5 /* Assets.xcassets in Resources */ = {isa = PBXBuildFile; fileRef = B79210EB22E151E6000446B5 /* Assets.xcassets */; };
		B79210EF22E151E6000446B5 /* LaunchScreen.storyboard in Resources */ = {isa = PBXBuildFile; fileRef = B79210ED22E151E6000446B5 /* LaunchScreen.storyboard */; };
		B79210FA22E151E6000446B5 /* MonopolyBankTests.swift in Sources */ = {isa = PBXBuildFile; fileRef = B79210F922E151E6000446B5 /* MonopolyBankTests.swift */; };
		B792110722E15401000446B5 /* Account.swift in Sources */ = {isa = PBXBuildFile; fileRef = B792110622E15401000446B5 /* Account.swift */; };
		B792110922E15586000446B5 /* Bank.swift in Sources */ = {isa = PBXBuildFile; fileRef = B792110822E15586000446B5 /* Bank.swift */; };
		B792110B22E155DF000446B5 /* Loan.swift in Sources */ = {isa = PBXBuildFile; fileRef = B792110A22E155DF000446B5 /* Loan.swift */; };
		B792110D22E2464B000446B5 /* Property.swift in Sources */ = {isa = PBXBuildFile; fileRef = B792110C22E2464B000446B5 /* Property.swift */; };
		B792111622E2526E000446B5 /* AccountTableViewCell.swift in Sources */ = {isa = PBXBuildFile; fileRef = B792111422E2526E000446B5 /* AccountTableViewCell.swift */; };
		B792111722E2526E000446B5 /* AccountTableViewCell.xib in Resources */ = {isa = PBXBuildFile; fileRef = B792111522E2526E000446B5 /* AccountTableViewCell.xib */; };
		B792111B22E2593B000446B5 /* BankViewModel.swift in Sources */ = {isa = PBXBuildFile; fileRef = B792111A22E2593B000446B5 /* BankViewModel.swift */; };
		B792112122E2B7AB000446B5 /* Properties.json in Resources */ = {isa = PBXBuildFile; fileRef = B792112022E2B7AB000446B5 /* Properties.json */; };
		B792112522E2B8BC000446B5 /* PropertyData.swift in Sources */ = {isa = PBXBuildFile; fileRef = B792112422E2B8BC000446B5 /* PropertyData.swift */; };
		B792112E22E2BE28000446B5 /* FileReader.swift in Sources */ = {isa = PBXBuildFile; fileRef = B792112D22E2BE28000446B5 /* FileReader.swift */; };
		B792113022E2C32E000446B5 /* RealEstate.swift in Sources */ = {isa = PBXBuildFile; fileRef = B792112F22E2C32E000446B5 /* RealEstate.swift */; };
		B792113222E2C411000446B5 /* Owner.swift in Sources */ = {isa = PBXBuildFile; fileRef = B792113122E2C411000446B5 /* Owner.swift */; };
/* End PBXBuildFile section */

/* Begin PBXContainerItemProxy section */
		B79210F622E151E6000446B5 /* PBXContainerItemProxy */ = {
			isa = PBXContainerItemProxy;
			containerPortal = B79210D622E151E5000446B5 /* Project object */;
			proxyType = 1;
			remoteGlobalIDString = B79210DD22E151E5000446B5;
			remoteInfo = MonopolyBank;
		};
/* End PBXContainerItemProxy section */

/* Begin PBXFileReference section */
		24C9CF4322E8FA1D004325DC /* NotificationName+Bank.swift */ = {isa = PBXFileReference; lastKnownFileType = sourcecode.swift; path = "NotificationName+Bank.swift"; sourceTree = "<group>"; };
		24C9CF4722E90369004325DC /* MonopolyTabBarController.swift */ = {isa = PBXFileReference; lastKnownFileType = sourcecode.swift; path = MonopolyTabBarController.swift; sourceTree = "<group>"; };
		24C9CF4922E905A4004325DC /* UITabbar+Monopoly.swift */ = {isa = PBXFileReference; lastKnownFileType = sourcecode.swift; path = "UITabbar+Monopoly.swift"; sourceTree = "<group>"; };
		24C9CF4B22E91AE7004325DC /* PickerAlertViewController.swift */ = {isa = PBXFileReference; lastKnownFileType = sourcecode.swift; path = PickerAlertViewController.swift; sourceTree = "<group>"; };
		B739564322E5FD6B000302FE /* RealEstateViewController.swift */ = {isa = PBXFileReference; lastKnownFileType = sourcecode.swift; path = RealEstateViewController.swift; sourceTree = "<group>"; };
		B739564522E60A47000302FE /* RealStateTests.swift */ = {isa = PBXFileReference; lastKnownFileType = sourcecode.swift; path = RealStateTests.swift; sourceTree = "<group>"; };
		B739564722E61284000302FE /* PropertiesFactory.swift */ = {isa = PBXFileReference; lastKnownFileType = sourcecode.swift; path = PropertiesFactory.swift; sourceTree = "<group>"; };
		B739564A22E619A9000302FE /* Utility.swift */ = {isa = PBXFileReference; lastKnownFileType = sourcecode.swift; path = Utility.swift; sourceTree = "<group>"; };
		B739564C22E61B27000302FE /* Train.swift */ = {isa = PBXFileReference; lastKnownFileType = sourcecode.swift; path = Train.swift; sourceTree = "<group>"; };
		B739564E22E6245E000302FE /* OneStrata.swift */ = {isa = PBXFileReference; lastKnownFileType = sourcecode.swift; path = OneStrata.swift; sourceTree = "<group>"; };
		B739565022E6338B000302FE /* StrataProperty.swift */ = {isa = PBXFileReference; lastKnownFileType = sourcecode.swift; path = StrataProperty.swift; sourceTree = "<group>"; };
		B739565222E633B8000302FE /* TwoStrata.swift */ = {isa = PBXFileReference; lastKnownFileType = sourcecode.swift; path = TwoStrata.swift; sourceTree = "<group>"; };
		B739565422E633D8000302FE /* ThreeStrata.swift */ = {isa = PBXFileReference; lastKnownFileType = sourcecode.swift; path = ThreeStrata.swift; sourceTree = "<group>"; };
		B739565622E633F2000302FE /* FourStrata.swift */ = {isa = PBXFileReference; lastKnownFileType = sourcecode.swift; path = FourStrata.swift; sourceTree = "<group>"; };
		B739565822E63AC4000302FE /* PropertiesMock.json */ = {isa = PBXFileReference; fileEncoding = 4; lastKnownFileType = text.json; path = PropertiesMock.json; sourceTree = "<group>"; };
		B739565A22E6C4E3000302FE /* RealEstateViewModel.swift */ = {isa = PBXFileReference; lastKnownFileType = sourcecode.swift; path = RealEstateViewModel.swift; sourceTree = "<group>"; };
		B739565C22E6C928000302FE /* RealEstateSection.swift */ = {isa = PBXFileReference; lastKnownFileType = sourcecode.swift; path = RealEstateSection.swift; sourceTree = "<group>"; };
		B739565E22E75FB7000302FE /* PropertyTableViewCell.swift */ = {isa = PBXFileReference; lastKnownFileType = sourcecode.swift; path = PropertyTableViewCell.swift; sourceTree = "<group>"; };
		B739565F22E75FB7000302FE /* PropertyTableViewCell.xib */ = {isa = PBXFileReference; lastKnownFileType = file.xib; path = PropertyTableViewCell.xib; sourceTree = "<group>"; };
		B79210DE22E151E5000446B5 /* MonopolyBank.app */ = {isa = PBXFileReference; explicitFileType = wrapper.application; includeInIndex = 0; path = MonopolyBank.app; sourceTree = BUILT_PRODUCTS_DIR; };
		B79210E122E151E5000446B5 /* AppDelegate.swift */ = {isa = PBXFileReference; lastKnownFileType = sourcecode.swift; path = AppDelegate.swift; sourceTree = "<group>"; };
		B79210E322E151E5000446B5 /* BankViewController.swift */ = {isa = PBXFileReference; lastKnownFileType = sourcecode.swift; path = BankViewController.swift; sourceTree = "<group>"; };
		B79210E622E151E5000446B5 /* Base */ = {isa = PBXFileReference; lastKnownFileType = file.storyboard; name = Base; path = Base.lproj/Main.storyboard; sourceTree = "<group>"; };
		B79210E922E151E5000446B5 /* MonopolyBank.xcdatamodel */ = {isa = PBXFileReference; lastKnownFileType = wrapper.xcdatamodel; path = MonopolyBank.xcdatamodel; sourceTree = "<group>"; };
		B79210EB22E151E6000446B5 /* Assets.xcassets */ = {isa = PBXFileReference; lastKnownFileType = folder.assetcatalog; path = Assets.xcassets; sourceTree = "<group>"; };
		B79210EE22E151E6000446B5 /* Base */ = {isa = PBXFileReference; lastKnownFileType = file.storyboard; name = Base; path = Base.lproj/LaunchScreen.storyboard; sourceTree = "<group>"; };
		B79210F022E151E6000446B5 /* Info.plist */ = {isa = PBXFileReference; lastKnownFileType = text.plist.xml; path = Info.plist; sourceTree = "<group>"; };
		B79210F522E151E6000446B5 /* MonopolyBankTests.xctest */ = {isa = PBXFileReference; explicitFileType = wrapper.cfbundle; includeInIndex = 0; path = MonopolyBankTests.xctest; sourceTree = BUILT_PRODUCTS_DIR; };
		B79210F922E151E6000446B5 /* MonopolyBankTests.swift */ = {isa = PBXFileReference; lastKnownFileType = sourcecode.swift; path = MonopolyBankTests.swift; sourceTree = "<group>"; };
		B79210FB22E151E6000446B5 /* Info.plist */ = {isa = PBXFileReference; lastKnownFileType = text.plist.xml; path = Info.plist; sourceTree = "<group>"; };
		B792110622E15401000446B5 /* Account.swift */ = {isa = PBXFileReference; lastKnownFileType = sourcecode.swift; path = Account.swift; sourceTree = "<group>"; };
		B792110822E15586000446B5 /* Bank.swift */ = {isa = PBXFileReference; lastKnownFileType = sourcecode.swift; path = Bank.swift; sourceTree = "<group>"; };
		B792110A22E155DF000446B5 /* Loan.swift */ = {isa = PBXFileReference; lastKnownFileType = sourcecode.swift; path = Loan.swift; sourceTree = "<group>"; };
		B792110C22E2464B000446B5 /* Property.swift */ = {isa = PBXFileReference; lastKnownFileType = sourcecode.swift; path = Property.swift; sourceTree = "<group>"; };
		B792111422E2526E000446B5 /* AccountTableViewCell.swift */ = {isa = PBXFileReference; lastKnownFileType = sourcecode.swift; path = AccountTableViewCell.swift; sourceTree = "<group>"; };
		B792111522E2526E000446B5 /* AccountTableViewCell.xib */ = {isa = PBXFileReference; lastKnownFileType = file.xib; path = AccountTableViewCell.xib; sourceTree = "<group>"; };
		B792111A22E2593B000446B5 /* BankViewModel.swift */ = {isa = PBXFileReference; lastKnownFileType = sourcecode.swift; path = BankViewModel.swift; sourceTree = "<group>"; };
		B792112022E2B7AB000446B5 /* Properties.json */ = {isa = PBXFileReference; fileEncoding = 4; lastKnownFileType = text.json; path = Properties.json; sourceTree = "<group>"; };
		B792112422E2B8BC000446B5 /* PropertyData.swift */ = {isa = PBXFileReference; lastKnownFileType = sourcecode.swift; path = PropertyData.swift; sourceTree = "<group>"; };
		B792112D22E2BE28000446B5 /* FileReader.swift */ = {isa = PBXFileReference; lastKnownFileType = sourcecode.swift; path = FileReader.swift; sourceTree = "<group>"; };
		B792112F22E2C32E000446B5 /* RealEstate.swift */ = {isa = PBXFileReference; lastKnownFileType = sourcecode.swift; path = RealEstate.swift; sourceTree = "<group>"; };
		B792113122E2C411000446B5 /* Owner.swift */ = {isa = PBXFileReference; lastKnownFileType = sourcecode.swift; path = Owner.swift; sourceTree = "<group>"; };
/* End PBXFileReference section */

/* Begin PBXFrameworksBuildPhase section */
		B79210DB22E151E5000446B5 /* Frameworks */ = {
			isa = PBXFrameworksBuildPhase;
			buildActionMask = 2147483647;
			files = (
			);
			runOnlyForDeploymentPostprocessing = 0;
		};
		B79210F222E151E6000446B5 /* Frameworks */ = {
			isa = PBXFrameworksBuildPhase;
			buildActionMask = 2147483647;
			files = (
			);
			runOnlyForDeploymentPostprocessing = 0;
		};
/* End PBXFrameworksBuildPhase section */

/* Begin PBXGroup section */
		24C9CF4522E8FA2F004325DC /* Extensions */ = {
			isa = PBXGroup;
			children = (
				24C9CF4322E8FA1D004325DC /* NotificationName+Bank.swift */,
				24C9CF4922E905A4004325DC /* UITabbar+Monopoly.swift */,
			);
			path = Extensions;
			sourceTree = "<group>";
		};
		24C9CF4622E902FA004325DC /* Tabbar */ = {
			isa = PBXGroup;
			children = (
				24C9CF4722E90369004325DC /* MonopolyTabBarController.swift */,
			);
			path = Tabbar;
			sourceTree = "<group>";
		};
		B739564922E6136B000302FE /* Properties */ = {
			isa = PBXGroup;
			children = (
				B792112422E2B8BC000446B5 /* PropertyData.swift */,
				B792110C22E2464B000446B5 /* Property.swift */,
				B739565022E6338B000302FE /* StrataProperty.swift */,
				B739564E22E6245E000302FE /* OneStrata.swift */,
				B739565222E633B8000302FE /* TwoStrata.swift */,
				B739565422E633D8000302FE /* ThreeStrata.swift */,
				B739565622E633F2000302FE /* FourStrata.swift */,
				B739564A22E619A9000302FE /* Utility.swift */,
				B739564C22E61B27000302FE /* Train.swift */,
			);
			path = Properties;
			sourceTree = "<group>";
		};
		B79210D522E151E5000446B5 = {
			isa = PBXGroup;
			children = (
				B79210E022E151E5000446B5 /* MonopolyBank */,
				B79210F822E151E6000446B5 /* MonopolyBankTests */,
				B79210DF22E151E5000446B5 /* Products */,
			);
			sourceTree = "<group>";
		};
		B79210DF22E151E5000446B5 /* Products */ = {
			isa = PBXGroup;
			children = (
				B79210DE22E151E5000446B5 /* MonopolyBank.app */,
				B79210F522E151E6000446B5 /* MonopolyBankTests.xctest */,
			);
			name = Products;
			sourceTree = "<group>";
		};
		B79210E022E151E5000446B5 /* MonopolyBank */ = {
			isa = PBXGroup;
			children = (
				B792110522E1537C000446B5 /* App */,
				B792110422E1536F000446B5 /* Main */,
			);
			path = MonopolyBank;
			sourceTree = "<group>";
		};
		B79210F822E151E6000446B5 /* MonopolyBankTests */ = {
			isa = PBXGroup;
			children = (
				B739565822E63AC4000302FE /* PropertiesMock.json */,
				B79210F922E151E6000446B5 /* MonopolyBankTests.swift */,
				B79210FB22E151E6000446B5 /* Info.plist */,
				B739564522E60A47000302FE /* RealStateTests.swift */,
			);
			path = MonopolyBankTests;
			sourceTree = "<group>";
		};
		B792110422E1536F000446B5 /* Main */ = {
			isa = PBXGroup;
			children = (
				B792112322E2B85B000446B5 /* Real-estate */,
				B792112222E2B84E000446B5 /* Bank */,
				B792112022E2B7AB000446B5 /* Properties.json */,
				B79210E822E151E5000446B5 /* MonopolyBank.xcdatamodeld */,
			);
			path = Main;
			sourceTree = "<group>";
		};
		B792110522E1537C000446B5 /* App */ = {
			isa = PBXGroup;
			children = (
				24C9CF4622E902FA004325DC /* Tabbar */,
				24C9CF4522E8FA2F004325DC /* Extensions */,
				B792111122E251B3000446B5 /* Resources */,
				B792111022E251AA000446B5 /* Launch */,
				B792110F22E25198000446B5 /* Main */,
				B792110E22E25181000446B5 /* Bank */,
				B792113322E2C565000446B5 /* RealState */,
			);
			path = App;
			sourceTree = "<group>";
		};
		B792110E22E25181000446B5 /* Bank */ = {
			isa = PBXGroup;
			children = (
				B79210E322E151E5000446B5 /* BankViewController.swift */,
				B79210E522E151E5000446B5 /* Main.storyboard */,
				B792111422E2526E000446B5 /* AccountTableViewCell.swift */,
				B792111522E2526E000446B5 /* AccountTableViewCell.xib */,
				B792111A22E2593B000446B5 /* BankViewModel.swift */,
				24C9CF4B22E91AE7004325DC /* PickerAlertViewController.swift */,
			);
			path = Bank;
			sourceTree = "<group>";
		};
		B792110F22E25198000446B5 /* Main */ = {
			isa = PBXGroup;
			children = (
				B79210E122E151E5000446B5 /* AppDelegate.swift */,
				B79210F022E151E6000446B5 /* Info.plist */,
			);
			path = Main;
			sourceTree = "<group>";
		};
		B792111022E251AA000446B5 /* Launch */ = {
			isa = PBXGroup;
			children = (
				B79210ED22E151E6000446B5 /* LaunchScreen.storyboard */,
			);
			path = Launch;
			sourceTree = "<group>";
		};
		B792111122E251B3000446B5 /* Resources */ = {
			isa = PBXGroup;
			children = (
				B79210EB22E151E6000446B5 /* Assets.xcassets */,
			);
			path = Resources;
			sourceTree = "<group>";
		};
		B792112222E2B84E000446B5 /* Bank */ = {
			isa = PBXGroup;
			children = (
				B792110622E15401000446B5 /* Account.swift */,
				B792110822E15586000446B5 /* Bank.swift */,
				B792110A22E155DF000446B5 /* Loan.swift */,
			);
			path = Bank;
			sourceTree = "<group>";
		};
		B792112322E2B85B000446B5 /* Real-estate */ = {
			isa = PBXGroup;
			children = (
				B739564922E6136B000302FE /* Properties */,
				B792112D22E2BE28000446B5 /* FileReader.swift */,
				B792112F22E2C32E000446B5 /* RealEstate.swift */,
				B792113122E2C411000446B5 /* Owner.swift */,
				B739564722E61284000302FE /* PropertiesFactory.swift */,
			);
			path = "Real-estate";
			sourceTree = "<group>";
		};
		B792113322E2C565000446B5 /* RealState */ = {
			isa = PBXGroup;
			children = (
				B739564322E5FD6B000302FE /* RealEstateViewController.swift */,
				B739565A22E6C4E3000302FE /* RealEstateViewModel.swift */,
				B739565C22E6C928000302FE /* RealEstateSection.swift */,
				B739565E22E75FB7000302FE /* PropertyTableViewCell.swift */,
				B739565F22E75FB7000302FE /* PropertyTableViewCell.xib */,
			);
			path = RealState;
			sourceTree = "<group>";
		};
/* End PBXGroup section */

/* Begin PBXNativeTarget section */
		B79210DD22E151E5000446B5 /* MonopolyBank */ = {
			isa = PBXNativeTarget;
			buildConfigurationList = B79210FE22E151E6000446B5 /* Build configuration list for PBXNativeTarget "MonopolyBank" */;
			buildPhases = (
				B79210DA22E151E5000446B5 /* Sources */,
				B79210DB22E151E5000446B5 /* Frameworks */,
				B79210DC22E151E5000446B5 /* Resources */,
			);
			buildRules = (
			);
			dependencies = (
			);
			name = MonopolyBank;
			productName = MonopolyBank;
			productReference = B79210DE22E151E5000446B5 /* MonopolyBank.app */;
			productType = "com.apple.product-type.application";
		};
		B79210F422E151E6000446B5 /* MonopolyBankTests */ = {
			isa = PBXNativeTarget;
			buildConfigurationList = B792110122E151E6000446B5 /* Build configuration list for PBXNativeTarget "MonopolyBankTests" */;
			buildPhases = (
				B79210F122E151E6000446B5 /* Sources */,
				B79210F222E151E6000446B5 /* Frameworks */,
				B79210F322E151E6000446B5 /* Resources */,
			);
			buildRules = (
			);
			dependencies = (
				B79210F722E151E6000446B5 /* PBXTargetDependency */,
			);
			name = MonopolyBankTests;
			productName = MonopolyBankTests;
			productReference = B79210F522E151E6000446B5 /* MonopolyBankTests.xctest */;
			productType = "com.apple.product-type.bundle.unit-test";
		};
/* End PBXNativeTarget section */

/* Begin PBXProject section */
		B79210D622E151E5000446B5 /* Project object */ = {
			isa = PBXProject;
			attributes = {
				LastSwiftUpdateCheck = 1020;
				LastUpgradeCheck = 1020;
				ORGANIZATIONNAME = bonsebas;
				TargetAttributes = {
					B79210DD22E151E5000446B5 = {
						CreatedOnToolsVersion = 10.2.1;
					};
					B79210F422E151E6000446B5 = {
						CreatedOnToolsVersion = 10.2.1;
						TestTargetID = B79210DD22E151E5000446B5;
					};
				};
			};
			buildConfigurationList = B79210D922E151E5000446B5 /* Build configuration list for PBXProject "MonopolyBank" */;
			compatibilityVersion = "Xcode 9.3";
			developmentRegion = en;
			hasScannedForEncodings = 0;
			knownRegions = (
				en,
				Base,
			);
			mainGroup = B79210D522E151E5000446B5;
			productRefGroup = B79210DF22E151E5000446B5 /* Products */;
			projectDirPath = "";
			projectRoot = "";
			targets = (
				B79210DD22E151E5000446B5 /* MonopolyBank */,
				B79210F422E151E6000446B5 /* MonopolyBankTests */,
			);
		};
/* End PBXProject section */

/* Begin PBXResourcesBuildPhase section */
		B79210DC22E151E5000446B5 /* Resources */ = {
			isa = PBXResourcesBuildPhase;
			buildActionMask = 2147483647;
			files = (
				B739566122E75FB7000302FE /* PropertyTableViewCell.xib in Resources */,
				B792112122E2B7AB000446B5 /* Properties.json in Resources */,
				B79210EF22E151E6000446B5 /* LaunchScreen.storyboard in Resources */,
				B792111722E2526E000446B5 /* AccountTableViewCell.xib in Resources */,
				B79210EC22E151E6000446B5 /* Assets.xcassets in Resources */,
				B79210E722E151E5000446B5 /* Main.storyboard in Resources */,
			);
			runOnlyForDeploymentPostprocessing = 0;
		};
		B79210F322E151E6000446B5 /* Resources */ = {
			isa = PBXResourcesBuildPhase;
			buildActionMask = 2147483647;
			files = (
				B739565922E63AC4000302FE /* PropertiesMock.json in Resources */,
			);
			runOnlyForDeploymentPostprocessing = 0;
		};
/* End PBXResourcesBuildPhase section */

/* Begin PBXSourcesBuildPhase section */
		B79210DA22E151E5000446B5 /* Sources */ = {
			isa = PBXSourcesBuildPhase;
			buildActionMask = 2147483647;
			files = (
				B792112522E2B8BC000446B5 /* PropertyData.swift in Sources */,
				24C9CF4422E8FA1D004325DC /* NotificationName+Bank.swift in Sources */,
				24C9CF4D22E91AE7004325DC /* PickerAlertViewController.swift in Sources */,
				B792113222E2C411000446B5 /* Owner.swift in Sources */,
				B739565B22E6C4E4000302FE /* RealEstateViewModel.swift in Sources */,
				B792110D22E2464B000446B5 /* Property.swift in Sources */,
				B792112E22E2BE28000446B5 /* FileReader.swift in Sources */,
				B792113022E2C32E000446B5 /* RealEstate.swift in Sources */,
				B792111B22E2593B000446B5 /* BankViewModel.swift in Sources */,
				24C9CF4A22E905A4004325DC /* UITabbar+Monopoly.swift in Sources */,
				B792110722E15401000446B5 /* Account.swift in Sources */,
				B792110B22E155DF000446B5 /* Loan.swift in Sources */,
				B792110922E15586000446B5 /* Bank.swift in Sources */,
				B739565722E633F2000302FE /* FourStrata.swift in Sources */,
				B79210E422E151E5000446B5 /* BankViewController.swift in Sources */,
				B739566022E75FB7000302FE /* PropertyTableViewCell.swift in Sources */,
				24C9CF4822E90369004325DC /* MonopolyTabBarController.swift in Sources */,
				B792111622E2526E000446B5 /* AccountTableViewCell.swift in Sources */,
				B739565322E633B8000302FE /* TwoStrata.swift in Sources */,
				B739565122E6338B000302FE /* StrataProperty.swift in Sources */,
				B79210EA22E151E5000446B5 /* MonopolyBank.xcdatamodeld in Sources */,
				B739565522E633D8000302FE /* ThreeStrata.swift in Sources */,
				B739565D22E6C928000302FE /* RealEstateSection.swift in Sources */,
				B79210E222E151E5000446B5 /* AppDelegate.swift in Sources */,
				B739564822E61284000302FE /* PropertiesFactory.swift in Sources */,
				B739564422E5FD6B000302FE /* RealEstateViewController.swift in Sources */,
				B739564D22E61B27000302FE /* Train.swift in Sources */,
				B739564F22E6245E000302FE /* OneStrata.swift in Sources */,
				B739564B22E619A9000302FE /* Utility.swift in Sources */,
			);
			runOnlyForDeploymentPostprocessing = 0;
		};
		B79210F122E151E6000446B5 /* Sources */ = {
			isa = PBXSourcesBuildPhase;
			buildActionMask = 2147483647;
			files = (
				B79210FA22E151E6000446B5 /* MonopolyBankTests.swift in Sources */,
				B739564622E60A47000302FE /* RealStateTests.swift in Sources */,
			);
			runOnlyForDeploymentPostprocessing = 0;
		};
/* End PBXSourcesBuildPhase section */

/* Begin PBXTargetDependency section */
		B79210F722E151E6000446B5 /* PBXTargetDependency */ = {
			isa = PBXTargetDependency;
			target = B79210DD22E151E5000446B5 /* MonopolyBank */;
			targetProxy = B79210F622E151E6000446B5 /* PBXContainerItemProxy */;
		};
/* End PBXTargetDependency section */

/* Begin PBXVariantGroup section */
		B79210E522E151E5000446B5 /* Main.storyboard */ = {
			isa = PBXVariantGroup;
			children = (
				B79210E622E151E5000446B5 /* Base */,
			);
			name = Main.storyboard;
			sourceTree = "<group>";
		};
		B79210ED22E151E6000446B5 /* LaunchScreen.storyboard */ = {
			isa = PBXVariantGroup;
			children = (
				B79210EE22E151E6000446B5 /* Base */,
			);
			name = LaunchScreen.storyboard;
			sourceTree = "<group>";
		};
/* End PBXVariantGroup section */

/* Begin XCBuildConfiguration section */
		B79210FC22E151E6000446B5 /* Debug */ = {
			isa = XCBuildConfiguration;
			buildSettings = {
				ALWAYS_SEARCH_USER_PATHS = NO;
				CLANG_ANALYZER_NONNULL = YES;
				CLANG_ANALYZER_NUMBER_OBJECT_CONVERSION = YES_AGGRESSIVE;
				CLANG_CXX_LANGUAGE_STANDARD = "gnu++14";
				CLANG_CXX_LIBRARY = "libc++";
				CLANG_ENABLE_MODULES = YES;
				CLANG_ENABLE_OBJC_ARC = YES;
				CLANG_ENABLE_OBJC_WEAK = YES;
				CLANG_WARN_BLOCK_CAPTURE_AUTORELEASING = YES;
				CLANG_WARN_BOOL_CONVERSION = YES;
				CLANG_WARN_COMMA = YES;
				CLANG_WARN_CONSTANT_CONVERSION = YES;
				CLANG_WARN_DEPRECATED_OBJC_IMPLEMENTATIONS = YES;
				CLANG_WARN_DIRECT_OBJC_ISA_USAGE = YES_ERROR;
				CLANG_WARN_DOCUMENTATION_COMMENTS = YES;
				CLANG_WARN_EMPTY_BODY = YES;
				CLANG_WARN_ENUM_CONVERSION = YES;
				CLANG_WARN_INFINITE_RECURSION = YES;
				CLANG_WARN_INT_CONVERSION = YES;
				CLANG_WARN_NON_LITERAL_NULL_CONVERSION = YES;
				CLANG_WARN_OBJC_IMPLICIT_RETAIN_SELF = YES;
				CLANG_WARN_OBJC_LITERAL_CONVERSION = YES;
				CLANG_WARN_OBJC_ROOT_CLASS = YES_ERROR;
				CLANG_WARN_RANGE_LOOP_ANALYSIS = YES;
				CLANG_WARN_STRICT_PROTOTYPES = YES;
				CLANG_WARN_SUSPICIOUS_MOVE = YES;
				CLANG_WARN_UNGUARDED_AVAILABILITY = YES_AGGRESSIVE;
				CLANG_WARN_UNREACHABLE_CODE = YES;
				CLANG_WARN__DUPLICATE_METHOD_MATCH = YES;
				CODE_SIGN_IDENTITY = "iPhone Developer";
				COPY_PHASE_STRIP = NO;
				DEBUG_INFORMATION_FORMAT = dwarf;
				ENABLE_STRICT_OBJC_MSGSEND = YES;
				ENABLE_TESTABILITY = YES;
				GCC_C_LANGUAGE_STANDARD = gnu11;
				GCC_DYNAMIC_NO_PIC = NO;
				GCC_NO_COMMON_BLOCKS = YES;
				GCC_OPTIMIZATION_LEVEL = 0;
				GCC_PREPROCESSOR_DEFINITIONS = (
					"DEBUG=1",
					"$(inherited)",
				);
				GCC_WARN_64_TO_32_BIT_CONVERSION = YES;
				GCC_WARN_ABOUT_RETURN_TYPE = YES_ERROR;
				GCC_WARN_UNDECLARED_SELECTOR = YES;
				GCC_WARN_UNINITIALIZED_AUTOS = YES_AGGRESSIVE;
				GCC_WARN_UNUSED_FUNCTION = YES;
				GCC_WARN_UNUSED_VARIABLE = YES;
				IPHONEOS_DEPLOYMENT_TARGET = 12.2;
				MTL_ENABLE_DEBUG_INFO = INCLUDE_SOURCE;
				MTL_FAST_MATH = YES;
				ONLY_ACTIVE_ARCH = YES;
				SDKROOT = iphoneos;
				SWIFT_ACTIVE_COMPILATION_CONDITIONS = DEBUG;
				SWIFT_OPTIMIZATION_LEVEL = "-Onone";
			};
			name = Debug;
		};
		B79210FD22E151E6000446B5 /* Release */ = {
			isa = XCBuildConfiguration;
			buildSettings = {
				ALWAYS_SEARCH_USER_PATHS = NO;
				CLANG_ANALYZER_NONNULL = YES;
				CLANG_ANALYZER_NUMBER_OBJECT_CONVERSION = YES_AGGRESSIVE;
				CLANG_CXX_LANGUAGE_STANDARD = "gnu++14";
				CLANG_CXX_LIBRARY = "libc++";
				CLANG_ENABLE_MODULES = YES;
				CLANG_ENABLE_OBJC_ARC = YES;
				CLANG_ENABLE_OBJC_WEAK = YES;
				CLANG_WARN_BLOCK_CAPTURE_AUTORELEASING = YES;
				CLANG_WARN_BOOL_CONVERSION = YES;
				CLANG_WARN_COMMA = YES;
				CLANG_WARN_CONSTANT_CONVERSION = YES;
				CLANG_WARN_DEPRECATED_OBJC_IMPLEMENTATIONS = YES;
				CLANG_WARN_DIRECT_OBJC_ISA_USAGE = YES_ERROR;
				CLANG_WARN_DOCUMENTATION_COMMENTS = YES;
				CLANG_WARN_EMPTY_BODY = YES;
				CLANG_WARN_ENUM_CONVERSION = YES;
				CLANG_WARN_INFINITE_RECURSION = YES;
				CLANG_WARN_INT_CONVERSION = YES;
				CLANG_WARN_NON_LITERAL_NULL_CONVERSION = YES;
				CLANG_WARN_OBJC_IMPLICIT_RETAIN_SELF = YES;
				CLANG_WARN_OBJC_LITERAL_CONVERSION = YES;
				CLANG_WARN_OBJC_ROOT_CLASS = YES_ERROR;
				CLANG_WARN_RANGE_LOOP_ANALYSIS = YES;
				CLANG_WARN_STRICT_PROTOTYPES = YES;
				CLANG_WARN_SUSPICIOUS_MOVE = YES;
				CLANG_WARN_UNGUARDED_AVAILABILITY = YES_AGGRESSIVE;
				CLANG_WARN_UNREACHABLE_CODE = YES;
				CLANG_WARN__DUPLICATE_METHOD_MATCH = YES;
				CODE_SIGN_IDENTITY = "iPhone Developer";
				COPY_PHASE_STRIP = NO;
				DEBUG_INFORMATION_FORMAT = "dwarf-with-dsym";
				ENABLE_NS_ASSERTIONS = NO;
				ENABLE_STRICT_OBJC_MSGSEND = YES;
				GCC_C_LANGUAGE_STANDARD = gnu11;
				GCC_NO_COMMON_BLOCKS = YES;
				GCC_WARN_64_TO_32_BIT_CONVERSION = YES;
				GCC_WARN_ABOUT_RETURN_TYPE = YES_ERROR;
				GCC_WARN_UNDECLARED_SELECTOR = YES;
				GCC_WARN_UNINITIALIZED_AUTOS = YES_AGGRESSIVE;
				GCC_WARN_UNUSED_FUNCTION = YES;
				GCC_WARN_UNUSED_VARIABLE = YES;
				IPHONEOS_DEPLOYMENT_TARGET = 12.2;
				MTL_ENABLE_DEBUG_INFO = NO;
				MTL_FAST_MATH = YES;
				SDKROOT = iphoneos;
				SWIFT_COMPILATION_MODE = wholemodule;
				SWIFT_OPTIMIZATION_LEVEL = "-O";
				VALIDATE_PRODUCT = YES;
			};
			name = Release;
		};
		B79210FF22E151E6000446B5 /* Debug */ = {
			isa = XCBuildConfiguration;
			buildSettings = {
				ASSETCATALOG_COMPILER_APPICON_NAME = AppIcon;
				CODE_SIGN_STYLE = Automatic;
				DEVELOPMENT_TEAM = 2WD4LJ5535;
				INFOPLIST_FILE = MonopolyBank/App/Main/Info.plist;
				LD_RUNPATH_SEARCH_PATHS = (
					"$(inherited)",
					"@executable_path/Frameworks",
				);
				PRODUCT_BUNDLE_IDENTIFIER = com.bonsebas.MonopolyBank;
				PRODUCT_NAME = "$(TARGET_NAME)";
				SWIFT_VERSION = 5.0;
				TARGETED_DEVICE_FAMILY = "1,2";
			};
			name = Debug;
		};
		B792110022E151E6000446B5 /* Release */ = {
			isa = XCBuildConfiguration;
			buildSettings = {
				ASSETCATALOG_COMPILER_APPICON_NAME = AppIcon;
				CODE_SIGN_STYLE = Automatic;
				DEVELOPMENT_TEAM = 2WD4LJ5535;
				INFOPLIST_FILE = MonopolyBank/App/Main/Info.plist;
				LD_RUNPATH_SEARCH_PATHS = (
					"$(inherited)",
					"@executable_path/Frameworks",
				);
				PRODUCT_BUNDLE_IDENTIFIER = com.bonsebas.MonopolyBank;
				PRODUCT_NAME = "$(TARGET_NAME)";
				SWIFT_VERSION = 5.0;
				TARGETED_DEVICE_FAMILY = "1,2";
			};
			name = Release;
		};
		B792110222E151E6000446B5 /* Debug */ = {
			isa = XCBuildConfiguration;
			buildSettings = {
				ALWAYS_EMBED_SWIFT_STANDARD_LIBRARIES = YES;
				BUNDLE_LOADER = "$(TEST_HOST)";
				CODE_SIGN_STYLE = Automatic;
				DEVELOPMENT_TEAM = 2WD4LJ5535;
				INFOPLIST_FILE = MonopolyBankTests/Info.plist;
				LD_RUNPATH_SEARCH_PATHS = (
					"$(inherited)",
					"@executable_path/Frameworks",
					"@loader_path/Frameworks",
				);
				PRODUCT_BUNDLE_IDENTIFIER = com.bonsebas.MonopolyBankTests;
				PRODUCT_NAME = "$(TARGET_NAME)";
				SWIFT_VERSION = 5.0;
				TARGETED_DEVICE_FAMILY = "1,2";
				TEST_HOST = "$(BUILT_PRODUCTS_DIR)/MonopolyBank.app/MonopolyBank";
			};
			name = Debug;
		};
		B792110322E151E6000446B5 /* Release */ = {
			isa = XCBuildConfiguration;
			buildSettings = {
				ALWAYS_EMBED_SWIFT_STANDARD_LIBRARIES = YES;
				BUNDLE_LOADER = "$(TEST_HOST)";
				CODE_SIGN_STYLE = Automatic;
				DEVELOPMENT_TEAM = 2WD4LJ5535;
				INFOPLIST_FILE = MonopolyBankTests/Info.plist;
				LD_RUNPATH_SEARCH_PATHS = (
					"$(inherited)",
					"@executable_path/Frameworks",
					"@loader_path/Frameworks",
				);
				PRODUCT_BUNDLE_IDENTIFIER = com.bonsebas.MonopolyBankTests;
				PRODUCT_NAME = "$(TARGET_NAME)";
				SWIFT_VERSION = 5.0;
				TARGETED_DEVICE_FAMILY = "1,2";
				TEST_HOST = "$(BUILT_PRODUCTS_DIR)/MonopolyBank.app/MonopolyBank";
			};
			name = Release;
		};
/* End XCBuildConfiguration section */

/* Begin XCConfigurationList section */
		B79210D922E151E5000446B5 /* Build configuration list for PBXProject "MonopolyBank" */ = {
			isa = XCConfigurationList;
			buildConfigurations = (
				B79210FC22E151E6000446B5 /* Debug */,
				B79210FD22E151E6000446B5 /* Release */,
			);
			defaultConfigurationIsVisible = 0;
			defaultConfigurationName = Release;
		};
		B79210FE22E151E6000446B5 /* Build configuration list for PBXNativeTarget "MonopolyBank" */ = {
			isa = XCConfigurationList;
			buildConfigurations = (
				B79210FF22E151E6000446B5 /* Debug */,
				B792110022E151E6000446B5 /* Release */,
			);
			defaultConfigurationIsVisible = 0;
			defaultConfigurationName = Release;
		};
		B792110122E151E6000446B5 /* Build configuration list for PBXNativeTarget "MonopolyBankTests" */ = {
			isa = XCConfigurationList;
			buildConfigurations = (
				B792110222E151E6000446B5 /* Debug */,
				B792110322E151E6000446B5 /* Release */,
			);
			defaultConfigurationIsVisible = 0;
			defaultConfigurationName = Release;
		};
/* End XCConfigurationList section */

/* Begin XCVersionGroup section */
		B79210E822E151E5000446B5 /* MonopolyBank.xcdatamodeld */ = {
			isa = XCVersionGroup;
			children = (
				B79210E922E151E5000446B5 /* MonopolyBank.xcdatamodel */,
			);
			currentVersion = B79210E922E151E5000446B5 /* MonopolyBank.xcdatamodel */;
			path = MonopolyBank.xcdatamodeld;
			sourceTree = "<group>";
			versionGroupType = wrapper.xcdatamodel;
		};
/* End XCVersionGroup section */
	};
	rootObject = B79210D622E151E5000446B5 /* Project object */;
}
